
Microsoft Visual Studio Solution File, Format Version 12.00
# Visual Studio Version 16
VisualStudioVersion = 16.0.30309.148
MinimumVisualStudioVersion = 10.0.40219.1
Project("{8BC9CEB8-8B4A-11D0-8D11-00A0C91BC942}") = "Client-app-for-DLL-test", "Client-app-for-DLL-test\Client-app-for-DLL-test.vcxproj", "{2E6D933E-4B18-408C-86BF-C1BDA43F771A}"
	ProjectSection(ProjectDependencies) = postProject
		{D7B9BBB2-3BC2-4C47-886C-A6F5D88E9DE6} = {D7B9BBB2-3BC2-4C47-886C-A6F5D88E9DE6}
	EndProjectSection
EndProject
Project("{8BC9CEB8-8B4A-11D0-8D11-00A0C91BC942}") = "mgDiskInformationDll", "mgDiskInfomationDll\mgDiskInfomationDll.vcxproj", "{D7B9BBB2-3BC2-4C47-886C-A6F5D88E9DE6}"
EndProject
Global
	GlobalSection(SolutionConfigurationPlatforms) = preSolution
		Debug|x64 = Debug|x64
		Debug|x86 = Debug|x86
		Release|x64 = Release|x64
		Release|x86 = Release|x86
	EndGlobalSection
	GlobalSection(ProjectConfigurationPlatforms) = postSolution
		{2E6D933E-4B18-408C-86BF-C1BDA43F771A}.Debug|x64.ActiveCfg = Debug|x64
		{2E6D933E-4B18-408C-86BF-C1BDA43F771A}.Debug|x64.Build.0 = Debug|x64
		{2E6D933E-4B18-408C-86BF-C1BDA43F771A}.Debug|x86.ActiveCfg = Debug|Win32
		{2E6D933E-4B18-408C-86BF-C1BDA43F771A}.Debug|x86.Build.0 = Debug|Win32
		{2E6D933E-4B18-408C-86BF-C1BDA43F771A}.Release|x64.ActiveCfg = Release|x64
		{2E6D933E-4B18-408C-86BF-C1BDA43F771A}.Release|x64.Build.0 = Release|x64
		{2E6D933E-4B18-408C-86BF-C1BDA43F771A}.Release|x86.ActiveCfg = Release|Win32
		{2E6D933E-4B18-408C-86BF-C1BDA43F771A}.Release|x86.Build.0 = Release|Win32
		{D7B9BBB2-3BC2-4C47-886C-A6F5D88E9DE6}.Debug|x64.ActiveCfg = Debug|x64
		{D7B9BBB2-3BC2-4C47-886C-A6F5D88E9DE6}.Debug|x64.Build.0 = Debug|x64
		{D7B9BBB2-3BC2-4C47-886C-A6F5D88E9DE6}.Debug|x86.ActiveCfg = Debug|Win32
		{D7B9BBB2-3BC2-4C47-886C-A6F5D88E9DE6}.Debug|x86.Build.0 = Debug|Win32
		{D7B9BBB2-3BC2-4C47-886C-A6F5D88E9DE6}.Release|x64.ActiveCfg = Release|x64
		{D7B9BBB2-3BC2-4C47-886C-A6F5D88E9DE6}.Release|x64.Build.0 = Release|x64
		{D7B9BBB2-3BC2-4C47-886C-A6F5D88E9DE6}.Release|x86.ActiveCfg = Release|Win32
		{D7B9BBB2-3BC2-4C47-886C-A6F5D88E9DE6}.Release|x86.Build.0 = Release|Win32
	EndGlobalSection
	GlobalSection(SolutionProperties) = preSolution
		HideSolutionNode = FALSE
	EndGlobalSection
	GlobalSection(ExtensibilityGlobals) = postSolution
		SolutionGuid = {0ADFF49D-F6BB-4039-9BA3-ED626B08904B}
	EndGlobalSection
EndGlobal
